
Microsoft Visual Studio Solution File, Format Version 12.00
# Visual Studio 15
VisualStudioVersion = 15.0.27004.2010
MinimumVisualStudioVersion = 10.0.40219.1
Project("{8BC9CEB8-8B4A-11D0-8D11-00A0C91BC942}") = "acui_core", "acui_core\acui_core.vcxproj", "{98DCCDD8-6752-4416-AF62-45AC1BE51C07}"
EndProject
Project("{8BC9CEB8-8B4A-11D0-8D11-00A0C91BC942}") = "crage", "crage\crage.vcxproj", "{B23363AE-33F2-4BAA-85F1-95A0D1096536}"
EndProject
Project("{8BC9CEB8-8B4A-11D0-8D11-00A0C91BC942}") = "io_request", "io_request\io_request.vcxproj", "{8A7999A2-E5CB-4683-9633-47368727B88D}"
EndProject
Project("{8BC9CEB8-8B4A-11D0-8D11-00A0C91BC942}") = "locale", "locale\locale.vcxproj", "{BC848BB7-AD04-4BEA-8BF5-710033647C8C}"
EndProject
Project("{8BC9CEB8-8B4A-11D0-8D11-00A0C91BC942}") = "package_core", "package_core\package_core.vcxproj", "{A2AF62EA-E1A3-45D1-95AD-838A908ED7F0}"
EndProject
Project("{8BC9CEB8-8B4A-11D0-8D11-00A0C91BC942}") = "resource_core", "resource_core\resource_core.vcxproj", "{38C15CED-5F70-44A7-9B0C-7C4B59F85080}"
EndProject
Project("{8BC9CEB8-8B4A-11D0-8D11-00A0C91BC942}") = "utility", "utility\utility.vcxproj", "{752687A3-A865-4645-9240-7BA3AE9B1046}"
EndProject
Project("{2150E333-8FDC-42A3-9474-1A3956D46DE8}") = "core", "core", "{5EFF3064-366C-4D55-9D2F-8D24C67765B5}"
EndProject
Project("{2150E333-8FDC-42A3-9474-1A3956D46DE8}") = "cui", "cui", "{16691ACC-E00D-424F-AD87-3582197AB937}"
EndProject
Project("{2150E333-8FDC-42A3-9474-1A3956D46DE8}") = "cui-1.0.4", "cui-1.0.4", "{63909084-565B-4899-AB03-01CEA608744E}"
EndProject
Project("{2150E333-8FDC-42A3-9474-1A3956D46DE8}") = "i18n", "i18n", "{61382EB2-34E6-46D8-B7C7-ECE003687217}"
EndProject
Project("{8BC9CEB8-8B4A-11D0-8D11-00A0C91BC942}") = "English", "Language\English\English.vcxproj", "{9FB5440C-A730-4769-80F1-3DCC82D33E17}"
EndProject
Project("{8BC9CEB8-8B4A-11D0-8D11-00A0C91BC942}") = "Japanese", "Language\Japanese\Japanese.vcxproj", "{52FF56BA-BDF9-4705-84D4-53BEC2A66181}"
EndProject
Project("{8BC9CEB8-8B4A-11D0-8D11-00A0C91BC942}") = "SimplifiedChinese", "Language\SimplifiedChinese\SimplifiedChinese.vcxproj", "{9C64CF3A-1FCE-489F-80C8-0BC151A6D4BF}"
EndProject
Project("{8BC9CEB8-8B4A-11D0-8D11-00A0C91BC942}") = "TraditionalChinese", "Language\TraditionalChinese\TraditionalChinese.vcxproj", "{70813A2B-C34D-4342-8069-56FF0F8CD96B}"
EndProject
Project("{8BC9CEB8-8B4A-11D0-8D11-00A0C91BC942}") = "ARCGameEngine", "cui\ARCGameEngine\ARCGameEngine.vcxproj", "{ECFA626D-8168-40F5-8D30-4A7A2E61E8D4}"
EndProject
Global
	GlobalSection(SolutionConfigurationPlatforms) = preSolution
		Debug|x86 = Debug|x86
		Release|x86 = Release|x86
		Template|x86 = Template|x86
	EndGlobalSection
	GlobalSection(ProjectConfigurationPlatforms) = postSolution
		{98DCCDD8-6752-4416-AF62-45AC1BE51C07}.Debug|x86.ActiveCfg = Debug|Win32
		{98DCCDD8-6752-4416-AF62-45AC1BE51C07}.Debug|x86.Build.0 = Debug|Win32
		{98DCCDD8-6752-4416-AF62-45AC1BE51C07}.Release|x86.ActiveCfg = Release|Win32
		{98DCCDD8-6752-4416-AF62-45AC1BE51C07}.Release|x86.Build.0 = Release|Win32
		{98DCCDD8-6752-4416-AF62-45AC1BE51C07}.Template|x86.ActiveCfg = Release|Win32
		{98DCCDD8-6752-4416-AF62-45AC1BE51C07}.Template|x86.Build.0 = Release|Win32
		{B23363AE-33F2-4BAA-85F1-95A0D1096536}.Debug|x86.ActiveCfg = Debug|Win32
		{B23363AE-33F2-4BAA-85F1-95A0D1096536}.Debug|x86.Build.0 = Debug|Win32
		{B23363AE-33F2-4BAA-85F1-95A0D1096536}.Release|x86.ActiveCfg = Release|Win32
		{B23363AE-33F2-4BAA-85F1-95A0D1096536}.Release|x86.Build.0 = Release|Win32
		{B23363AE-33F2-4BAA-85F1-95A0D1096536}.Template|x86.ActiveCfg = Template|Win32
		{B23363AE-33F2-4BAA-85F1-95A0D1096536}.Template|x86.Build.0 = Template|Win32
		{8A7999A2-E5CB-4683-9633-47368727B88D}.Debug|x86.ActiveCfg = Debug|Win32
		{8A7999A2-E5CB-4683-9633-47368727B88D}.Debug|x86.Build.0 = Debug|Win32
		{8A7999A2-E5CB-4683-9633-47368727B88D}.Release|x86.ActiveCfg = Release|Win32
		{8A7999A2-E5CB-4683-9633-47368727B88D}.Release|x86.Build.0 = Release|Win32
		{8A7999A2-E5CB-4683-9633-47368727B88D}.Template|x86.ActiveCfg = Template|Win32
		{8A7999A2-E5CB-4683-9633-47368727B88D}.Template|x86.Build.0 = Template|Win32
		{BC848BB7-AD04-4BEA-8BF5-710033647C8C}.Debug|x86.ActiveCfg = Debug|Win32
		{BC848BB7-AD04-4BEA-8BF5-710033647C8C}.Debug|x86.Build.0 = Debug|Win32
		{BC848BB7-AD04-4BEA-8BF5-710033647C8C}.Release|x86.ActiveCfg = Release|Win32
		{BC848BB7-AD04-4BEA-8BF5-710033647C8C}.Release|x86.Build.0 = Release|Win32
		{BC848BB7-AD04-4BEA-8BF5-710033647C8C}.Template|x86.ActiveCfg = Template|Win32
		{BC848BB7-AD04-4BEA-8BF5-710033647C8C}.Template|x86.Build.0 = Template|Win32
		{A2AF62EA-E1A3-45D1-95AD-838A908ED7F0}.Debug|x86.ActiveCfg = Debug|Win32
		{A2AF62EA-E1A3-45D1-95AD-838A908ED7F0}.Debug|x86.Build.0 = Debug|Win32
		{A2AF62EA-E1A3-45D1-95AD-838A908ED7F0}.Release|x86.ActiveCfg = Release|Win32
		{A2AF62EA-E1A3-45D1-95AD-838A908ED7F0}.Release|x86.Build.0 = Release|Win32
		{A2AF62EA-E1A3-45D1-95AD-838A908ED7F0}.Template|x86.ActiveCfg = Template|Win32
		{A2AF62EA-E1A3-45D1-95AD-838A908ED7F0}.Template|x86.Build.0 = Template|Win32
		{38C15CED-5F70-44A7-9B0C-7C4B59F85080}.Debug|x86.ActiveCfg = Debug|Win32
		{38C15CED-5F70-44A7-9B0C-7C4B59F85080}.Debug|x86.Build.0 = Debug|Win32
		{38C15CED-5F70-44A7-9B0C-7C4B59F85080}.Release|x86.ActiveCfg = Release|Win32
		{38C15CED-5F70-44A7-9B0C-7C4B59F85080}.Release|x86.Build.0 = Release|Win32
		{38C15CED-5F70-44A7-9B0C-7C4B59F85080}.Template|x86.ActiveCfg = Template|Win32
		{38C15CED-5F70-44A7-9B0C-7C4B59F85080}.Template|x86.Build.0 = Template|Win32
		{752687A3-A865-4645-9240-7BA3AE9B1046}.Debug|x86.ActiveCfg = Debug|Win32
		{752687A3-A865-4645-9240-7BA3AE9B1046}.Debug|x86.Build.0 = Debug|Win32
		{752687A3-A865-4645-9240-7BA3AE9B1046}.Release|x86.ActiveCfg = Release|Win32
		{752687A3-A865-4645-9240-7BA3AE9B1046}.Release|x86.Build.0 = Release|Win32
		{752687A3-A865-4645-9240-7BA3AE9B1046}.Template|x86.ActiveCfg = Template|Win32
		{752687A3-A865-4645-9240-7BA3AE9B1046}.Template|x86.Build.0 = Template|Win32
		{9FB5440C-A730-4769-80F1-3DCC82D33E17}.Debug|x86.ActiveCfg = Debug|Win32
		{9FB5440C-A730-4769-80F1-3DCC82D33E17}.Debug|x86.Build.0 = Debug|Win32
		{9FB5440C-A730-4769-80F1-3DCC82D33E17}.Release|x86.ActiveCfg = Release|Win32
		{9FB5440C-A730-4769-80F1-3DCC82D33E17}.Release|x86.Build.0 = Release|Win32
		{9FB5440C-A730-4769-80F1-3DCC82D33E17}.Template|x86.ActiveCfg = Template|Win32
		{9FB5440C-A730-4769-80F1-3DCC82D33E17}.Template|x86.Build.0 = Template|Win32
		{52FF56BA-BDF9-4705-84D4-53BEC2A66181}.Debug|x86.ActiveCfg = Debug|Win32
		{52FF56BA-BDF9-4705-84D4-53BEC2A66181}.Debug|x86.Build.0 = Debug|Win32
		{52FF56BA-BDF9-4705-84D4-53BEC2A66181}.Release|x86.ActiveCfg = Release|Win32
		{52FF56BA-BDF9-4705-84D4-53BEC2A66181}.Release|x86.Build.0 = Release|Win32
		{52FF56BA-BDF9-4705-84D4-53BEC2A66181}.Template|x86.ActiveCfg = Template|Win32
		{52FF56BA-BDF9-4705-84D4-53BEC2A66181}.Template|x86.Build.0 = Template|Win32
		{9C64CF3A-1FCE-489F-80C8-0BC151A6D4BF}.Debug|x86.ActiveCfg = Debug|Win32
		{9C64CF3A-1FCE-489F-80C8-0BC151A6D4BF}.Debug|x86.Build.0 = Debug|Win32
		{9C64CF3A-1FCE-489F-80C8-0BC151A6D4BF}.Release|x86.ActiveCfg = Release|Win32
		{9C64CF3A-1FCE-489F-80C8-0BC151A6D4BF}.Release|x86.Build.0 = Release|Win32
		{9C64CF3A-1FCE-489F-80C8-0BC151A6D4BF}.Template|x86.ActiveCfg = Template|Win32
		{9C64CF3A-1FCE-489F-80C8-0BC151A6D4BF}.Template|x86.Build.0 = Template|Win32
		{70813A2B-C34D-4342-8069-56FF0F8CD96B}.Debug|x86.ActiveCfg = Debug|Win32
		{70813A2B-C34D-4342-8069-56FF0F8CD96B}.Debug|x86.Build.0 = Debug|Win32
		{70813A2B-C34D-4342-8069-56FF0F8CD96B}.Release|x86.ActiveCfg = Release|Win32
		{70813A2B-C34D-4342-8069-56FF0F8CD96B}.Release|x86.Build.0 = Release|Win32
		{70813A2B-C34D-4342-8069-56FF0F8CD96B}.Template|x86.ActiveCfg = Template|Win32
		{70813A2B-C34D-4342-8069-56FF0F8CD96B}.Template|x86.Build.0 = Template|Win32
		{ECFA626D-8168-40F5-8D30-4A7A2E61E8D4}.Debug|x86.ActiveCfg = Debug|Win32
		{ECFA626D-8168-40F5-8D30-4A7A2E61E8D4}.Debug|x86.Build.0 = Debug|Win32
		{ECFA626D-8168-40F5-8D30-4A7A2E61E8D4}.Release|x86.ActiveCfg = Release|Win32
		{ECFA626D-8168-40F5-8D30-4A7A2E61E8D4}.Release|x86.Build.0 = Release|Win32
		{ECFA626D-8168-40F5-8D30-4A7A2E61E8D4}.Template|x86.ActiveCfg = Release|Win32
		{ECFA626D-8168-40F5-8D30-4A7A2E61E8D4}.Template|x86.Build.0 = Release|Win32
	EndGlobalSection
	GlobalSection(SolutionProperties) = preSolution
		HideSolutionNode = FALSE
	EndGlobalSection
	GlobalSection(NestedProjects) = preSolution
		{98DCCDD8-6752-4416-AF62-45AC1BE51C07} = {5EFF3064-366C-4D55-9D2F-8D24C67765B5}
		{A2AF62EA-E1A3-45D1-95AD-838A908ED7F0} = {5EFF3064-366C-4D55-9D2F-8D24C67765B5}
		{38C15CED-5F70-44A7-9B0C-7C4B59F85080} = {5EFF3064-366C-4D55-9D2F-8D24C67765B5}
		{9FB5440C-A730-4769-80F1-3DCC82D33E17} = {61382EB2-34E6-46D8-B7C7-ECE003687217}
		{52FF56BA-BDF9-4705-84D4-53BEC2A66181} = {61382EB2-34E6-46D8-B7C7-ECE003687217}
		{9C64CF3A-1FCE-489F-80C8-0BC151A6D4BF} = {61382EB2-34E6-46D8-B7C7-ECE003687217}
		{70813A2B-C34D-4342-8069-56FF0F8CD96B} = {61382EB2-34E6-46D8-B7C7-ECE003687217}
		{ECFA626D-8168-40F5-8D30-4A7A2E61E8D4} = {16691ACC-E00D-424F-AD87-3582197AB937}
	EndGlobalSection
	GlobalSection(ExtensibilityGlobals) = postSolution
		SolutionGuid = {41F30FB8-3BE6-4848-834E-4B4EFE3D6D03}
	EndGlobalSection
EndGlobal
